PODS:
  - DolyameSDK (1.0.11)
  - SnapKit (5.6.0)

DEPENDENCIES:
  - DolyameSDK (from `../`)
  - SnapKit

SPEC REPOS:
  trunk:
    - SnapKit

EXTERNAL SOURCES:
  DolyameSDK:
    :path: "../"

SPEC CHECKSUMS:
  DolyameSDK: 022ae435e3f409b6a1cafdc6ad52626bb2eae49f
  SnapKit: e01d52ebb8ddbc333eefe2132acf85c8227d9c25

PODFILE CHECKSUM: 687c560e5270108e27cfc4901d5294ec56a29c46

COCOAPODS: 1.11.2
