PODS:
  - DolyameSDK (1.0.16)
  - SnapKit (5.6.0)

DEPENDENCIES:
  - DolyameSDK (from `../`)
  - SnapKit

SPEC REPOS:
  https://nexus.tcsbank.ru/repository/raw-cocoapods/:
    - SnapKit

EXTERNAL SOURCES:
  DolyameSDK:
    :path: "../"

SPEC CHECKSUMS:
  DolyameSDK: 845f8e8033ce42ae302cd84523e3f5046abae9a7
  SnapKit: e01d52ebb8ddbc333eefe2132acf85c8227d9c25

PODFILE CHECKSUM: a58c2d7359d38015abff5a8a2132e7ec4c8e7a57

COCOAPODS: 1.11.2
