PODS:
  - DolyameSDK (1.0.15)
  - SnapKit (5.6.0)

DEPENDENCIES:
  - DolyameSDK (from `../`)
  - SnapKit

SPEC REPOS:
  trunk:
    - SnapKit

EXTERNAL SOURCES:
  DolyameSDK:
    :path: "../"

SPEC CHECKSUMS:
  DolyameSDK: e79ab126eed9ed21ea09feaa05c67d048bbf10dd
  SnapKit: e01d52ebb8ddbc333eefe2132acf85c8227d9c25

PODFILE CHECKSUM: 687c560e5270108e27cfc4901d5294ec56a29c46

COCOAPODS: 1.11.2
